
Microsoft Visual Studio Solution File, Format Version 12.00
# Visual Studio Version 16
VisualStudioVersion = 16.0.29609.76
MinimumVisualStudioVersion = 10.0.40219.1
Project("{FAE04EC0-301F-11D3-BF4B-00C04F79EFBC}") = "GenericsByAttribute", "GenericsByAttribute.csproj", "{805A435E-3BEF-4906-8FAE-A3F70E8B2EBD}"
EndProject
Global
	GlobalSection(SolutionConfigurationPlatforms) = preSolution
		Debug|Any CPU = Debug|Any CPU
		Release|Any CPU = Release|Any CPU
	EndGlobalSection
	GlobalSection(ProjectConfigurationPlatforms) = postSolution
		{805A435E-3BEF-4906-8FAE-A3F70E8B2EBD}.Debug|Any CPU.ActiveCfg = Debug|Any CPU
		{805A435E-3BEF-4906-8FAE-A3F70E8B2EBD}.Debug|Any CPU.Build.0 = Debug|Any CPU
		{805A435E-3BEF-4906-8FAE-A3F70E8B2EBD}.Release|Any CPU.ActiveCfg = Release|Any CPU
		{805A435E-3BEF-4906-8FAE-A3F70E8B2EBD}.Release|Any CPU.Build.0 = Release|Any CPU
	EndGlobalSection
	GlobalSection(SolutionProperties) = preSolution
		HideSolutionNode = FALSE
	EndGlobalSection
	GlobalSection(ExtensibilityGlobals) = postSolution
		SolutionGuid = {3EF3EC06-B7CC-4D16-AF4A-0ED6CD0CB759}
	EndGlobalSection
EndGlobal
